
Microsoft Visual Studio Solution File, Format Version 12.00
# Visual Studio 15
VisualStudioVersion = 15.0.28010.2016
MinimumVisualStudioVersion = 10.0.40219.1
Project("{FAE04EC0-301F-11D3-BF4B-00C04F79EFBC}") = "Kassensystem", "Kassensystem\Kassensystem.csproj", "{1851C596-0810-4A13-B19F-5E756B23EFCA}"
EndProject
Global
	GlobalSection(SolutionConfigurationPlatforms) = preSolution
		Debug|Any CPU = Debug|Any CPU
		Release|Any CPU = Release|Any CPU
	EndGlobalSection
	GlobalSection(ProjectConfigurationPlatforms) = postSolution
		{1851C596-0810-4A13-B19F-5E756B23EFCA}.Debug|Any CPU.ActiveCfg = Debug|Any CPU
		{1851C596-0810-4A13-B19F-5E756B23EFCA}.Debug|Any CPU.Build.0 = Debug|Any CPU
		{1851C596-0810-4A13-B19F-5E756B23EFCA}.Release|Any CPU.ActiveCfg = Release|Any CPU
		{1851C596-0810-4A13-B19F-5E756B23EFCA}.Release|Any CPU.Build.0 = Release|Any CPU
	EndGlobalSection
	GlobalSection(SolutionProperties) = preSolution
		HideSolutionNode = FALSE
	EndGlobalSection
	GlobalSection(ExtensibilityGlobals) = postSolution
		SolutionGuid = {21F0A7C7-2EA7-4C01-AE3E-5558AA28F1C4}
	EndGlobalSection
EndGlobal
